
Microsoft Visual Studio Solution File, Format Version 12.00
# Visual Studio Version 17
VisualStudioVersion = 17.9.34607.119
MinimumVisualStudioVersion = 10.0.40219.1
Project("{FAE04EC0-301F-11D3-BF4B-00C04F79EFBC}") = "CashOnDamage", "CashOnDamage.csproj", "{198328F4-43F9-4044-A141-77F61F958195}"
EndProject
Global
	GlobalSection(SolutionConfigurationPlatforms) = preSolution
		Debug|Any CPU = Debug|Any CPU
		Release|Any CPU = Release|Any CPU
	EndGlobalSection
	GlobalSection(ProjectConfigurationPlatforms) = postSolution
		{198328F4-43F9-4044-A141-77F61F958195}.Debug|Any CPU.ActiveCfg = Debug|Any CPU
		{198328F4-43F9-4044-A141-77F61F958195}.Debug|Any CPU.Build.0 = Debug|Any CPU
		{198328F4-43F9-4044-A141-77F61F958195}.Release|Any CPU.ActiveCfg = Release|Any CPU
		{198328F4-43F9-4044-A141-77F61F958195}.Release|Any CPU.Build.0 = Release|Any CPU
	EndGlobalSection
	GlobalSection(SolutionProperties) = preSolution
		HideSolutionNode = FALSE
	EndGlobalSection
	GlobalSection(ExtensibilityGlobals) = postSolution
		SolutionGuid = {78473D1F-B7F2-44B6-AC12-E5618855109E}
	EndGlobalSection
EndGlobal
